// !$*UTF8*$!
{
	archiveVersion = 1;
	classes = {
	};
	objectVersion = 77;
	objects = {

/* Begin PBXBuildFile section */
		AD01196D2CB5957D00875153 /* stylx in Frameworks */ = {isa = PBXBuildFile; productRef = AD01196C2CB5957D00875153 /* stylx */; };
		AD0119702CB5959100875153 /* XKit in Frameworks */ = {isa = PBXBuildFile; productRef = AD01196F2CB5959100875153 /* XKit */; };
		AD0269122CC0D84700B25286 /* Vapor in Frameworks */ = {isa = PBXBuildFile; productRef = AD0269112CC0D84700B25286 /* Vapor */; };
		AD30775A2CCD90EF00766514 /* XemuNES in Frameworks */ = {isa = PBXBuildFile; productRef = AD3077592CCD90EF00766514 /* XemuNES */; };
		ADEF422F2CBDE32A008A1C26 /* XemuCore in Frameworks */ = {isa = PBXBuildFile; productRef = ADEF422E2CBDE32A008A1C26 /* XemuCore */; };
/* End PBXBuildFile section */

/* Begin PBXContainerItemProxy section */
		ADDFBCEF2CB4BC7A007FAAD3 /* PBXContainerItemProxy */ = {
			isa = PBXContainerItemProxy;
			containerPortal = ADDFBCD52CB4BC79007FAAD3 /* Project object */;
			proxyType = 1;
			remoteGlobalIDString = ADDFBCDC2CB4BC79007FAAD3;
			remoteInfo = xemu;
		};
		ADDFBCF92CB4BC7A007FAAD3 /* PBXContainerItemProxy */ = {
			isa = PBXContainerItemProxy;
			containerPortal = ADDFBCD52CB4BC79007FAAD3 /* Project object */;
			proxyType = 1;
			remoteGlobalIDString = ADDFBCDC2CB4BC79007FAAD3;
			remoteInfo = xemu;
		};
/* End PBXContainerItemProxy section */

/* Begin PBXFileReference section */
		AD1C9F082CBDEE0700229258 /* xemu-cli */ = {isa = PBXFileReference; lastKnownFileType = wrapper; path = "xemu-cli"; sourceTree = "<group>"; };
		AD2B2DCF2CB7889C00783899 /* xemu-lib */ = {isa = PBXFileReference; lastKnownFileType = wrapper; path = "xemu-lib"; sourceTree = "<group>"; };
		ADDFBCDD2CB4BC79007FAAD3 /* Xemu.app */ = {isa = PBXFileReference; explicitFileType = wrapper.application; includeInIndex = 0; path = Xemu.app; sourceTree = BUILT_PRODUCTS_DIR; };
		ADDFBCEE2CB4BC7A007FAAD3 /* XemuTests.xctest */ = {isa = PBXFileReference; explicitFileType = wrapper.cfbundle; includeInIndex = 0; path = XemuTests.xctest; sourceTree = BUILT_PRODUCTS_DIR; };
		ADDFBCF82CB4BC7A007FAAD3 /* XemuUITests.xctest */ = {isa = PBXFileReference; explicitFileType = wrapper.cfbundle; includeInIndex = 0; path = XemuUITests.xctest; sourceTree = BUILT_PRODUCTS_DIR; };
/* End PBXFileReference section */

/* Begin PBXFileSystemSynchronizedBuildFileExceptionSet section */
		AD0E764B2CB5D2C400B24138 /* Exceptions for "xemu" folder in "Xemu" target */ = {
			isa = PBXFileSystemSynchronizedBuildFileExceptionSet;
			membershipExceptions = (
				Resources/Info.plist,
			);
			target = ADDFBCDC2CB4BC79007FAAD3 /* Xemu */;
		};
		ADFCA7E02CCB470700245EC2 /* Exceptions for "xemuTests" folder in "XemuTests" target */ = {
			isa = PBXFileSystemSynchronizedBuildFileExceptionSet;
			membershipExceptions = (
				Xemu.xctestplan,
			);
			target = ADDFBCED2CB4BC7A007FAAD3 /* XemuTests */;
		};
/* End PBXFileSystemSynchronizedBuildFileExceptionSet section */

/* Begin PBXFileSystemSynchronizedRootGroup section */
		ADDFBCDF2CB4BC79007FAAD3 /* xemu */ = {
			isa = PBXFileSystemSynchronizedRootGroup;
			exceptions = (
				AD0E764B2CB5D2C400B24138 /* Exceptions for "xemu" folder in "Xemu" target */,
			);
			path = xemu;
			sourceTree = "<group>";
		};
		ADDFBCF12CB4BC7A007FAAD3 /* xemuTests */ = {
			isa = PBXFileSystemSynchronizedRootGroup;
			exceptions = (
				ADFCA7E02CCB470700245EC2 /* Exceptions for "xemuTests" folder in "XemuTests" target */,
			);
			path = xemuTests;
			sourceTree = "<group>";
		};
		ADDFBCFB2CB4BC7A007FAAD3 /* xemuUITests */ = {
			isa = PBXFileSystemSynchronizedRootGroup;
			path = xemuUITests;
			sourceTree = "<group>";
		};
/* End PBXFileSystemSynchronizedRootGroup section */

/* Begin PBXFrameworksBuildPhase section */
		ADDFBCDA2CB4BC79007FAAD3 /* Frameworks */ = {
			isa = PBXFrameworksBuildPhase;
			buildActionMask = 2147483647;
			files = (
				ADEF422F2CBDE32A008A1C26 /* XemuCore in Frameworks */,
				AD0269122CC0D84700B25286 /* Vapor in Frameworks */,
				AD0119702CB5959100875153 /* XKit in Frameworks */,
				AD30775A2CCD90EF00766514 /* XemuNES in Frameworks */,
				AD01196D2CB5957D00875153 /* stylx in Frameworks */,
			);
			runOnlyForDeploymentPostprocessing = 0;
		};
		ADDFBCEB2CB4BC7A007FAAD3 /* Frameworks */ = {
			isa = PBXFrameworksBuildPhase;
			buildActionMask = 2147483647;
			files = (
			);
			runOnlyForDeploymentPostprocessing = 0;
		};
		ADDFBCF52CB4BC7A007FAAD3 /* Frameworks */ = {
			isa = PBXFrameworksBuildPhase;
			buildActionMask = 2147483647;
			files = (
			);
			runOnlyForDeploymentPostprocessing = 0;
		};
/* End PBXFrameworksBuildPhase section */

/* Begin PBXGroup section */
		AD0E76542CB5EF4600B24138 /* Frameworks */ = {
			isa = PBXGroup;
			children = (
			);
			name = Frameworks;
			sourceTree = "<group>";
		};
		ADDFBCD42CB4BC79007FAAD3 = {
			isa = PBXGroup;
			children = (
				AD1C9F082CBDEE0700229258 /* xemu-cli */,
				ADDFBCDF2CB4BC79007FAAD3 /* xemu */,
				AD2B2DCF2CB7889C00783899 /* xemu-lib */,
				ADDFBCF12CB4BC7A007FAAD3 /* xemuTests */,
				ADDFBCFB2CB4BC7A007FAAD3 /* xemuUITests */,
				AD0E76542CB5EF4600B24138 /* Frameworks */,
				ADDFBCDE2CB4BC79007FAAD3 /* Products */,
			);
			sourceTree = "<group>";
		};
		ADDFBCDE2CB4BC79007FAAD3 /* Products */ = {
			isa = PBXGroup;
			children = (
				ADDFBCDD2CB4BC79007FAAD3 /* Xemu.app */,
				ADDFBCEE2CB4BC7A007FAAD3 /* XemuTests.xctest */,
				ADDFBCF82CB4BC7A007FAAD3 /* XemuUITests.xctest */,
			);
			name = Products;
			sourceTree = "<group>";
		};
/* End PBXGroup section */

/* Begin PBXNativeTarget section */
		ADDFBCDC2CB4BC79007FAAD3 /* Xemu */ = {
			isa = PBXNativeTarget;
			buildConfigurationList = ADDFBD022CB4BC7A007FAAD3 /* Build configuration list for PBXNativeTarget "Xemu" */;
			buildPhases = (
				ADDFBCD92CB4BC79007FAAD3 /* Sources */,
				ADDFBCDA2CB4BC79007FAAD3 /* Frameworks */,
				ADDFBCDB2CB4BC79007FAAD3 /* Resources */,
			);
			buildRules = (
			);
			dependencies = (
			);
			fileSystemSynchronizedGroups = (
				ADDFBCDF2CB4BC79007FAAD3 /* xemu */,
			);
			name = Xemu;
			packageProductDependencies = (
				AD01196C2CB5957D00875153 /* stylx */,
				AD01196F2CB5959100875153 /* XKit */,
				ADEF422E2CBDE32A008A1C26 /* XemuCore */,
				AD0269112CC0D84700B25286 /* Vapor */,
				AD3077592CCD90EF00766514 /* XemuNES */,
			);
			productName = xemu;
			productReference = ADDFBCDD2CB4BC79007FAAD3 /* Xemu.app */;
			productType = "com.apple.product-type.application";
		};
		ADDFBCED2CB4BC7A007FAAD3 /* XemuTests */ = {
			isa = PBXNativeTarget;
			buildConfigurationList = ADDFBD052CB4BC7A007FAAD3 /* Build configuration list for PBXNativeTarget "XemuTests" */;
			buildPhases = (
				ADDFBCEA2CB4BC7A007FAAD3 /* Sources */,
				ADDFBCEB2CB4BC7A007FAAD3 /* Frameworks */,
				ADDFBCEC2CB4BC7A007FAAD3 /* Resources */,
			);
			buildRules = (
			);
			dependencies = (
				ADDFBCF02CB4BC7A007FAAD3 /* PBXTargetDependency */,
			);
			fileSystemSynchronizedGroups = (
				ADDFBCF12CB4BC7A007FAAD3 /* xemuTests */,
			);
			name = XemuTests;
			packageProductDependencies = (
			);
			productName = xemuTests;
			productReference = ADDFBCEE2CB4BC7A007FAAD3 /* XemuTests.xctest */;
			productType = "com.apple.product-type.bundle.unit-test";
		};
		ADDFBCF72CB4BC7A007FAAD3 /* XemuUITests */ = {
			isa = PBXNativeTarget;
			buildConfigurationList = ADDFBD082CB4BC7A007FAAD3 /* Build configuration list for PBXNativeTarget "XemuUITests" */;
			buildPhases = (
				ADDFBCF42CB4BC7A007FAAD3 /* Sources */,
				ADDFBCF52CB4BC7A007FAAD3 /* Frameworks */,
				ADDFBCF62CB4BC7A007FAAD3 /* Resources */,
			);
			buildRules = (
			);
			dependencies = (
				ADDFBCFA2CB4BC7A007FAAD3 /* PBXTargetDependency */,
			);
			fileSystemSynchronizedGroups = (
				ADDFBCFB2CB4BC7A007FAAD3 /* xemuUITests */,
			);
			name = XemuUITests;
			packageProductDependencies = (
			);
			productName = xemuUITests;
			productReference = ADDFBCF82CB4BC7A007FAAD3 /* XemuUITests.xctest */;
			productType = "com.apple.product-type.bundle.ui-testing";
		};
/* End PBXNativeTarget section */

/* Begin PBXProject section */
		ADDFBCD52CB4BC79007FAAD3 /* Project object */ = {
			isa = PBXProject;
			attributes = {
				BuildIndependentTargetsInParallel = 1;
				LastSwiftUpdateCheck = 1600;
				LastUpgradeCheck = 1600;
				TargetAttributes = {
					ADDFBCDC2CB4BC79007FAAD3 = {
						CreatedOnToolsVersion = 16.0;
					};
					ADDFBCED2CB4BC7A007FAAD3 = {
						CreatedOnToolsVersion = 16.0;
						TestTargetID = ADDFBCDC2CB4BC79007FAAD3;
					};
					ADDFBCF72CB4BC7A007FAAD3 = {
						CreatedOnToolsVersion = 16.0;
						TestTargetID = ADDFBCDC2CB4BC79007FAAD3;
					};
				};
			};
			buildConfigurationList = ADDFBCD82CB4BC79007FAAD3 /* Build configuration list for PBXProject "xemu" */;
			developmentRegion = en;
			hasScannedForEncodings = 0;
			knownRegions = (
				en,
				Base,
				fr,
			);
			mainGroup = ADDFBCD42CB4BC79007FAAD3;
			minimizedProjectReferenceProxies = 1;
			packageReferences = (
				AD01196B2CB5957D00875153 /* XCRemoteSwiftPackageReference "stylx" */,
				AD01196E2CB5959100875153 /* XCRemoteSwiftPackageReference "XKit" */,
				AD0269102CC0D84700B25286 /* XCRemoteSwiftPackageReference "vapor" */,
			);
			preferredProjectObjectVersion = 77;
			productRefGroup = ADDFBCDE2CB4BC79007FAAD3 /* Products */;
			projectDirPath = "";
			projectRoot = "";
			targets = (
				ADDFBCDC2CB4BC79007FAAD3 /* Xemu */,
				ADDFBCED2CB4BC7A007FAAD3 /* XemuTests */,
				ADDFBCF72CB4BC7A007FAAD3 /* XemuUITests */,
			);
		};
/* End PBXProject section */

/* Begin PBXResourcesBuildPhase section */
		ADDFBCDB2CB4BC79007FAAD3 /* Resources */ = {
			isa = PBXResourcesBuildPhase;
			buildActionMask = 2147483647;
			files = (
			);
			runOnlyForDeploymentPostprocessing = 0;
		};
		ADDFBCEC2CB4BC7A007FAAD3 /* Resources */ = {
			isa = PBXResourcesBuildPhase;
			buildActionMask = 2147483647;
			files = (
			);
			runOnlyForDeploymentPostprocessing = 0;
		};
		ADDFBCF62CB4BC7A007FAAD3 /* Resources */ = {
			isa = PBXResourcesBuildPhase;
			buildActionMask = 2147483647;
			files = (
			);
			runOnlyForDeploymentPostprocessing = 0;
		};
/* End PBXResourcesBuildPhase section */

/* Begin PBXSourcesBuildPhase section */
		ADDFBCD92CB4BC79007FAAD3 /* Sources */ = {
			isa = PBXSourcesBuildPhase;
			buildActionMask = 2147483647;
			files = (
			);
			runOnlyForDeploymentPostprocessing = 0;
		};
		ADDFBCEA2CB4BC7A007FAAD3 /* Sources */ = {
			isa = PBXSourcesBuildPhase;
			buildActionMask = 2147483647;
			files = (
			);
			runOnlyForDeploymentPostprocessing = 0;
		};
		ADDFBCF42CB4BC7A007FAAD3 /* Sources */ = {
			isa = PBXSourcesBuildPhase;
			buildActionMask = 2147483647;
			files = (
			);
			runOnlyForDeploymentPostprocessing = 0;
		};
/* End PBXSourcesBuildPhase section */

/* Begin PBXTargetDependency section */
		ADDFBCF02CB4BC7A007FAAD3 /* PBXTargetDependency */ = {
			isa = PBXTargetDependency;
			target = ADDFBCDC2CB4BC79007FAAD3 /* Xemu */;
			targetProxy = ADDFBCEF2CB4BC7A007FAAD3 /* PBXContainerItemProxy */;
		};
		ADDFBCFA2CB4BC7A007FAAD3 /* PBXTargetDependency */ = {
			isa = PBXTargetDependency;
			target = ADDFBCDC2CB4BC79007FAAD3 /* Xemu */;
			targetProxy = ADDFBCF92CB4BC7A007FAAD3 /* PBXContainerItemProxy */;
		};
/* End PBXTargetDependency section */

/* Begin XCBuildConfiguration section */
		ADDFBD002CB4BC7A007FAAD3 /* Debug */ = {
			isa = XCBuildConfiguration;
			buildSettings = {
				ALWAYS_SEARCH_USER_PATHS = NO;
				ASSETCATALOG_COMPILER_GENERATE_SWIFT_ASSET_SYMBOL_EXTENSIONS = YES;
				CLANG_ANALYZER_NONNULL = YES;
				CLANG_ANALYZER_NUMBER_OBJECT_CONVERSION = YES_AGGRESSIVE;
				CLANG_CXX_LANGUAGE_STANDARD = "gnu++20";
				CLANG_ENABLE_MODULES = YES;
				CLANG_ENABLE_OBJC_ARC = YES;
				CLANG_ENABLE_OBJC_WEAK = YES;
				CLANG_WARN_BLOCK_CAPTURE_AUTORELEASING = YES;
				CLANG_WARN_BOOL_CONVERSION = YES;
				CLANG_WARN_COMMA = YES;
				CLANG_WARN_CONSTANT_CONVERSION = YES;
				CLANG_WARN_DEPRECATED_OBJC_IMPLEMENTATIONS = YES;
				CLANG_WARN_DIRECT_OBJC_ISA_USAGE = YES_ERROR;
				CLANG_WARN_DOCUMENTATION_COMMENTS = YES;
				CLANG_WARN_EMPTY_BODY = YES;
				CLANG_WARN_ENUM_CONVERSION = YES;
				CLANG_WARN_INFINITE_RECURSION = YES;
				CLANG_WARN_INT_CONVERSION = YES;
				CLANG_WARN_NON_LITERAL_NULL_CONVERSION = YES;
				CLANG_WARN_OBJC_IMPLICIT_RETAIN_SELF = YES;
				CLANG_WARN_OBJC_LITERAL_CONVERSION = YES;
				CLANG_WARN_OBJC_ROOT_CLASS = YES_ERROR;
				CLANG_WARN_QUOTED_INCLUDE_IN_FRAMEWORK_HEADER = YES;
				CLANG_WARN_RANGE_LOOP_ANALYSIS = YES;
				CLANG_WARN_STRICT_PROTOTYPES = YES;
				CLANG_WARN_SUSPICIOUS_MOVE = YES;
				CLANG_WARN_UNGUARDED_AVAILABILITY = YES_AGGRESSIVE;
				CLANG_WARN_UNREACHABLE_CODE = YES;
				CLANG_WARN__DUPLICATE_METHOD_MATCH = YES;
				COPY_PHASE_STRIP = NO;
				DEBUG_INFORMATION_FORMAT = dwarf;
				ENABLE_STRICT_OBJC_MSGSEND = YES;
				ENABLE_TESTABILITY = YES;
				ENABLE_USER_SCRIPT_SANDBOXING = YES;
				GCC_C_LANGUAGE_STANDARD = gnu17;
				GCC_DYNAMIC_NO_PIC = NO;
				GCC_NO_COMMON_BLOCKS = YES;
				GCC_OPTIMIZATION_LEVEL = 0;
				GCC_PREPROCESSOR_DEFINITIONS = (
					"DEBUG=1",
					"$(inherited)",
				);
				GCC_WARN_64_TO_32_BIT_CONVERSION = YES;
				GCC_WARN_ABOUT_RETURN_TYPE = YES_ERROR;
				GCC_WARN_UNDECLARED_SELECTOR = YES;
				GCC_WARN_UNINITIALIZED_AUTOS = YES_AGGRESSIVE;
				GCC_WARN_UNUSED_FUNCTION = YES;
				GCC_WARN_UNUSED_VARIABLE = YES;
				LOCALIZATION_PREFERS_STRING_CATALOGS = YES;
				MTL_ENABLE_DEBUG_INFO = INCLUDE_SOURCE;
				MTL_FAST_MATH = YES;
				ONLY_ACTIVE_ARCH = YES;
				SWIFT_ACTIVE_COMPILATION_CONDITIONS = "DEBUG $(inherited)";
				SWIFT_EMIT_LOC_STRINGS = YES;
				SWIFT_OPTIMIZATION_LEVEL = "-Onone";
			};
			name = Debug;
		};
		ADDFBD012CB4BC7A007FAAD3 /* Release */ = {
			isa = XCBuildConfiguration;
			buildSettings = {
				ALWAYS_SEARCH_USER_PATHS = NO;
				ASSETCATALOG_COMPILER_GENERATE_SWIFT_ASSET_SYMBOL_EXTENSIONS = YES;
				CLANG_ANALYZER_NONNULL = YES;
				CLANG_ANALYZER_NUMBER_OBJECT_CONVERSION = YES_AGGRESSIVE;
				CLANG_CXX_LANGUAGE_STANDARD = "gnu++20";
				CLANG_ENABLE_MODULES = YES;
				CLANG_ENABLE_OBJC_ARC = YES;
				CLANG_ENABLE_OBJC_WEAK = YES;
				CLANG_WARN_BLOCK_CAPTURE_AUTORELEASING = YES;
				CLANG_WARN_BOOL_CONVERSION = YES;
				CLANG_WARN_COMMA = YES;
				CLANG_WARN_CONSTANT_CONVERSION = YES;
				CLANG_WARN_DEPRECATED_OBJC_IMPLEMENTATIONS = YES;
				CLANG_WARN_DIRECT_OBJC_ISA_USAGE = YES_ERROR;
				CLANG_WARN_DOCUMENTATION_COMMENTS = YES;
				CLANG_WARN_EMPTY_BODY = YES;
				CLANG_WARN_ENUM_CONVERSION = YES;
				CLANG_WARN_INFINITE_RECURSION = YES;
				CLANG_WARN_INT_CONVERSION = YES;
				CLANG_WARN_NON_LITERAL_NULL_CONVERSION = YES;
				CLANG_WARN_OBJC_IMPLICIT_RETAIN_SELF = YES;
				CLANG_WARN_OBJC_LITERAL_CONVERSION = YES;
				CLANG_WARN_OBJC_ROOT_CLASS = YES_ERROR;
				CLANG_WARN_QUOTED_INCLUDE_IN_FRAMEWORK_HEADER = YES;
				CLANG_WARN_RANGE_LOOP_ANALYSIS = YES;
				CLANG_WARN_STRICT_PROTOTYPES = YES;
				CLANG_WARN_SUSPICIOUS_MOVE = YES;
				CLANG_WARN_UNGUARDED_AVAILABILITY = YES_AGGRESSIVE;
				CLANG_WARN_UNREACHABLE_CODE = YES;
				CLANG_WARN__DUPLICATE_METHOD_MATCH = YES;
				COPY_PHASE_STRIP = NO;
				DEBUG_INFORMATION_FORMAT = "dwarf-with-dsym";
				ENABLE_NS_ASSERTIONS = NO;
				ENABLE_STRICT_OBJC_MSGSEND = YES;
				ENABLE_USER_SCRIPT_SANDBOXING = YES;
				GCC_C_LANGUAGE_STANDARD = gnu17;
				GCC_NO_COMMON_BLOCKS = YES;
				GCC_WARN_64_TO_32_BIT_CONVERSION = YES;
				GCC_WARN_ABOUT_RETURN_TYPE = YES_ERROR;
				GCC_WARN_UNDECLARED_SELECTOR = YES;
				GCC_WARN_UNINITIALIZED_AUTOS = YES_AGGRESSIVE;
				GCC_WARN_UNUSED_FUNCTION = YES;
				GCC_WARN_UNUSED_VARIABLE = YES;
				LOCALIZATION_PREFERS_STRING_CATALOGS = YES;
				MTL_ENABLE_DEBUG_INFO = NO;
				MTL_FAST_MATH = YES;
				SWIFT_COMPILATION_MODE = wholemodule;
				SWIFT_EMIT_LOC_STRINGS = YES;
			};
			name = Release;
		};
		ADDFBD032CB4BC7A007FAAD3 /* Debug */ = {
			isa = XCBuildConfiguration;
			buildSettings = {
				ASSETCATALOG_COMPILER_APPICON_NAME = AppIcon;
				ASSETCATALOG_COMPILER_GLOBAL_ACCENT_COLOR_NAME = AccentColor;
				ASSETCATALOG_COMPILER_INCLUDE_ALL_APPICON_ASSETS = YES;
				CODE_SIGN_ENTITLEMENTS = xemu/Resources/xemu.entitlements;
				CODE_SIGN_IDENTITY = "Apple Development";
				CODE_SIGN_STYLE = Automatic;
				CURRENT_PROJECT_VERSION = 1;
				DEVELOPMENT_ASSET_PATHS = xemu/Debug/PreviewContent.xcassets;
				DEVELOPMENT_TEAM = 7LYG6KRX2T;
				ENABLE_HARDENED_RUNTIME = YES;
				ENABLE_PREVIEWS = YES;
				GCC_OPTIMIZATION_LEVEL = 0;
				GENERATE_INFOPLIST_FILE = NO;
				INFOPLIST_FILE = xemu/Resources/Info.plist;
				INFOPLIST_KEY_CFBundleDisplayName = Xemu;
				INFOPLIST_KEY_GCSupportsControllerUserInteraction = YES;
				INFOPLIST_KEY_LSApplicationCategoryType = "public.app-category.games";
				INFOPLIST_KEY_LSSupportsOpeningDocumentsInPlace = YES;
				"INFOPLIST_KEY_UIApplicationSceneManifest_Generation[sdk=iphoneos*]" = YES;
				"INFOPLIST_KEY_UIApplicationSceneManifest_Generation[sdk=iphonesimulator*]" = YES;
				"INFOPLIST_KEY_UIApplicationSupportsIndirectInputEvents[sdk=iphoneos*]" = YES;
				"INFOPLIST_KEY_UIApplicationSupportsIndirectInputEvents[sdk=iphonesimulator*]" = YES;
				"INFOPLIST_KEY_UILaunchScreen_Generation[sdk=iphoneos*]" = YES;
				"INFOPLIST_KEY_UILaunchScreen_Generation[sdk=iphonesimulator*]" = YES;
				"INFOPLIST_KEY_UIStatusBarStyle[sdk=iphoneos*]" = UIStatusBarStyleDefault;
				"INFOPLIST_KEY_UIStatusBarStyle[sdk=iphonesimulator*]" = UIStatusBarStyleDefault;
				INFOPLIST_KEY_UISupportedInterfaceOrientations_iPad = "UIInterfaceOrientationPortrait UIInterfaceOrientationPortraitUpsideDown UIInterfaceOrientationLandscapeLeft UIInterfaceOrientationLandscapeRight";
				INFOPLIST_KEY_UISupportedInterfaceOrientations_iPhone = "UIInterfaceOrientationPortrait UIInterfaceOrientationLandscapeLeft UIInterfaceOrientationLandscapeRight";
				IPHONEOS_DEPLOYMENT_TARGET = 18.0;
				LD_RUNPATH_SEARCH_PATHS = "@executable_path/Frameworks";
				"LD_RUNPATH_SEARCH_PATHS[sdk=macosx*]" = "@executable_path/../Frameworks";
				MACOSX_DEPLOYMENT_TARGET = 15.0;
				MARKETING_VERSION = 1.0;
				PRODUCT_BUNDLE_IDENTIFIER = app.frigon.xemu;
				PRODUCT_NAME = "$(TARGET_NAME)";
				PROVISIONING_PROFILE_SPECIFIER = "";
				SDKROOT = auto;
				SUPPORTED_PLATFORMS = "appletvos appletvsimulator iphoneos iphonesimulator macosx";
				SUPPORTS_MACCATALYST = NO;
				SWIFT_EMIT_LOC_STRINGS = YES;
				SWIFT_OPTIMIZATION_LEVEL = "-Onone";
				SWIFT_VERSION = 5.0;
				TARGETED_DEVICE_FAMILY = "1,2,3";
				XROS_DEPLOYMENT_TARGET = 2.0;
			};
			name = Debug;
		};
		ADDFBD042CB4BC7A007FAAD3 /* Release */ = {
			isa = XCBuildConfiguration;
			buildSettings = {
				ASSETCATALOG_COMPILER_APPICON_NAME = AppIcon;
				ASSETCATALOG_COMPILER_GLOBAL_ACCENT_COLOR_NAME = AccentColor;
				ASSETCATALOG_COMPILER_INCLUDE_ALL_APPICON_ASSETS = YES;
				CODE_SIGN_ENTITLEMENTS = xemu/Resources/xemu.entitlements;
				CODE_SIGN_IDENTITY = "Apple Development";
				CODE_SIGN_STYLE = Automatic;
				CURRENT_PROJECT_VERSION = 1;
				DEVELOPMENT_ASSET_PATHS = xemu/Debug/PreviewContent.xcassets;
				DEVELOPMENT_TEAM = 7LYG6KRX2T;
				ENABLE_HARDENED_RUNTIME = YES;
				ENABLE_PREVIEWS = YES;
				GCC_OPTIMIZATION_LEVEL = s;
				GENERATE_INFOPLIST_FILE = NO;
				INFOPLIST_FILE = xemu/Resources/Info.plist;
				INFOPLIST_KEY_CFBundleDisplayName = Xemu;
				INFOPLIST_KEY_GCSupportsControllerUserInteraction = YES;
				INFOPLIST_KEY_LSApplicationCategoryType = "public.app-category.games";
				INFOPLIST_KEY_LSSupportsOpeningDocumentsInPlace = YES;
				"INFOPLIST_KEY_UIApplicationSceneManifest_Generation[sdk=iphoneos*]" = YES;
				"INFOPLIST_KEY_UIApplicationSceneManifest_Generation[sdk=iphonesimulator*]" = YES;
				"INFOPLIST_KEY_UIApplicationSupportsIndirectInputEvents[sdk=iphoneos*]" = YES;
				"INFOPLIST_KEY_UIApplicationSupportsIndirectInputEvents[sdk=iphonesimulator*]" = YES;
				"INFOPLIST_KEY_UILaunchScreen_Generation[sdk=iphoneos*]" = YES;
				"INFOPLIST_KEY_UILaunchScreen_Generation[sdk=iphonesimulator*]" = YES;
				"INFOPLIST_KEY_UIStatusBarStyle[sdk=iphoneos*]" = UIStatusBarStyleDefault;
				"INFOPLIST_KEY_UIStatusBarStyle[sdk=iphonesimulator*]" = UIStatusBarStyleDefault;
				INFOPLIST_KEY_UISupportedInterfaceOrientations_iPad = "UIInterfaceOrientationPortrait UIInterfaceOrientationPortraitUpsideDown UIInterfaceOrientationLandscapeLeft UIInterfaceOrientationLandscapeRight";
				INFOPLIST_KEY_UISupportedInterfaceOrientations_iPhone = "UIInterfaceOrientationPortrait UIInterfaceOrientationLandscapeLeft UIInterfaceOrientationLandscapeRight";
				IPHONEOS_DEPLOYMENT_TARGET = 18.0;
				LD_RUNPATH_SEARCH_PATHS = "@executable_path/Frameworks";
				"LD_RUNPATH_SEARCH_PATHS[sdk=macosx*]" = "@executable_path/../Frameworks";
				MACOSX_DEPLOYMENT_TARGET = 15.0;
				MARKETING_VERSION = 1.0;
				PRODUCT_BUNDLE_IDENTIFIER = app.frigon.xemu;
				PRODUCT_NAME = "$(TARGET_NAME)";
				PROVISIONING_PROFILE_SPECIFIER = "";
				SDKROOT = auto;
				SUPPORTED_PLATFORMS = "appletvos appletvsimulator iphoneos iphonesimulator macosx";
				SUPPORTS_MACCATALYST = NO;
				SWIFT_EMIT_LOC_STRINGS = YES;
				SWIFT_OPTIMIZATION_LEVEL = "-O";
				SWIFT_VERSION = 5.0;
				TARGETED_DEVICE_FAMILY = "1,2,3";
				XROS_DEPLOYMENT_TARGET = 2.0;
			};
			name = Release;
		};
		ADDFBD062CB4BC7A007FAAD3 /* Debug */ = {
			isa = XCBuildConfiguration;
			buildSettings = {
				BUNDLE_LOADER = "$(TEST_HOST)";
				CODE_SIGN_STYLE = Automatic;
				CURRENT_PROJECT_VERSION = 1;
				DEVELOPMENT_TEAM = 7LYG6KRX2T;
				GENERATE_INFOPLIST_FILE = YES;
				IPHONEOS_DEPLOYMENT_TARGET = 18.0;
				MACOSX_DEPLOYMENT_TARGET = 15.0;
				MARKETING_VERSION = 1.0;
				PRODUCT_BUNDLE_IDENTIFIER = app.frigon.xemuTests;
				PRODUCT_NAME = "$(TARGET_NAME)";
				SDKROOT = auto;
				SUPPORTED_PLATFORMS = "iphoneos iphonesimulator macosx xros xrsimulator";
				SWIFT_EMIT_LOC_STRINGS = NO;
				SWIFT_VERSION = 5.0;
				TARGETED_DEVICE_FAMILY = "1,2,7";
				TEST_HOST = "$(BUILT_PRODUCTS_DIR)/Xemu.app/$(BUNDLE_EXECUTABLE_FOLDER_PATH)/Xemu";
				XROS_DEPLOYMENT_TARGET = 2.0;
			};
			name = Debug;
		};
		ADDFBD072CB4BC7A007FAAD3 /* Release */ = {
			isa = XCBuildConfiguration;
			buildSettings = {
				BUNDLE_LOADER = "$(TEST_HOST)";
				CODE_SIGN_STYLE = Automatic;
				CURRENT_PROJECT_VERSION = 1;
				DEVELOPMENT_TEAM = 7LYG6KRX2T;
				GENERATE_INFOPLIST_FILE = YES;
				IPHONEOS_DEPLOYMENT_TARGET = 18.0;
				MACOSX_DEPLOYMENT_TARGET = 15.0;
				MARKETING_VERSION = 1.0;
				PRODUCT_BUNDLE_IDENTIFIER = app.frigon.xemuTests;
				PRODUCT_NAME = "$(TARGET_NAME)";
				SDKROOT = auto;
				SUPPORTED_PLATFORMS = "iphoneos iphonesimulator macosx xros xrsimulator";
				SWIFT_EMIT_LOC_STRINGS = NO;
				SWIFT_VERSION = 5.0;
				TARGETED_DEVICE_FAMILY = "1,2,7";
				TEST_HOST = "$(BUILT_PRODUCTS_DIR)/Xemu.app/$(BUNDLE_EXECUTABLE_FOLDER_PATH)/Xemu";
				XROS_DEPLOYMENT_TARGET = 2.0;
			};
			name = Release;
		};
		ADDFBD092CB4BC7A007FAAD3 /* Debug */ = {
			isa = XCBuildConfiguration;
			buildSettings = {
				CODE_SIGN_STYLE = Automatic;
				CURRENT_PROJECT_VERSION = 1;
				DEVELOPMENT_TEAM = 7LYG6KRX2T;
				GENERATE_INFOPLIST_FILE = YES;
				IPHONEOS_DEPLOYMENT_TARGET = 18.0;
				MACOSX_DEPLOYMENT_TARGET = 15.0;
				MARKETING_VERSION = 1.0;
				PRODUCT_BUNDLE_IDENTIFIER = app.frigon.xemuUITests;
				PRODUCT_NAME = "$(TARGET_NAME)";
				SDKROOT = auto;
				SUPPORTED_PLATFORMS = "iphoneos iphonesimulator macosx xros xrsimulator";
				SWIFT_EMIT_LOC_STRINGS = NO;
				SWIFT_VERSION = 5.0;
				TARGETED_DEVICE_FAMILY = "1,2,7";
				TEST_TARGET_NAME = xemu;
				XROS_DEPLOYMENT_TARGET = 2.0;
			};
			name = Debug;
		};
		ADDFBD0A2CB4BC7A007FAAD3 /* Release */ = {
			isa = XCBuildConfiguration;
			buildSettings = {
				CODE_SIGN_STYLE = Automatic;
				CURRENT_PROJECT_VERSION = 1;
				DEVELOPMENT_TEAM = 7LYG6KRX2T;
				GENERATE_INFOPLIST_FILE = YES;
				IPHONEOS_DEPLOYMENT_TARGET = 18.0;
				MACOSX_DEPLOYMENT_TARGET = 15.0;
				MARKETING_VERSION = 1.0;
				PRODUCT_BUNDLE_IDENTIFIER = app.frigon.xemuUITests;
				PRODUCT_NAME = "$(TARGET_NAME)";
				SDKROOT = auto;
				SUPPORTED_PLATFORMS = "iphoneos iphonesimulator macosx xros xrsimulator";
				SWIFT_EMIT_LOC_STRINGS = NO;
				SWIFT_VERSION = 5.0;
				TARGETED_DEVICE_FAMILY = "1,2,7";
				TEST_TARGET_NAME = xemu;
				XROS_DEPLOYMENT_TARGET = 2.0;
			};
			name = Release;
		};
/* End XCBuildConfiguration section */

/* Begin XCConfigurationList section */
		ADDFBCD82CB4BC79007FAAD3 /* Build configuration list for PBXProject "xemu" */ = {
			isa = XCConfigurationList;
			buildConfigurations = (
				ADDFBD002CB4BC7A007FAAD3 /* Debug */,
				ADDFBD012CB4BC7A007FAAD3 /* Release */,
			);
			defaultConfigurationIsVisible = 0;
			defaultConfigurationName = Release;
		};
		ADDFBD022CB4BC7A007FAAD3 /* Build configuration list for PBXNativeTarget "Xemu" */ = {
			isa = XCConfigurationList;
			buildConfigurations = (
				ADDFBD032CB4BC7A007FAAD3 /* Debug */,
				ADDFBD042CB4BC7A007FAAD3 /* Release */,
			);
			defaultConfigurationIsVisible = 0;
			defaultConfigurationName = Release;
		};
		ADDFBD052CB4BC7A007FAAD3 /* Build configuration list for PBXNativeTarget "XemuTests" */ = {
			isa = XCConfigurationList;
			buildConfigurations = (
				ADDFBD062CB4BC7A007FAAD3 /* Debug */,
				ADDFBD072CB4BC7A007FAAD3 /* Release */,
			);
			defaultConfigurationIsVisible = 0;
			defaultConfigurationName = Release;
		};
		ADDFBD082CB4BC7A007FAAD3 /* Build configuration list for PBXNativeTarget "XemuUITests" */ = {
			isa = XCConfigurationList;
			buildConfigurations = (
				ADDFBD092CB4BC7A007FAAD3 /* Debug */,
				ADDFBD0A2CB4BC7A007FAAD3 /* Release */,
			);
			defaultConfigurationIsVisible = 0;
			defaultConfigurationName = Release;
		};
/* End XCConfigurationList section */

/* Begin XCRemoteSwiftPackageReference section */
		AD01196B2CB5957D00875153 /* XCRemoteSwiftPackageReference "stylx" */ = {
			isa = XCRemoteSwiftPackageReference;
			repositoryURL = "https://github.com/afrigon/stylx";
			requirement = {
				branch = main;
				kind = branch;
			};
		};
		AD01196E2CB5959100875153 /* XCRemoteSwiftPackageReference "XKit" */ = {
			isa = XCRemoteSwiftPackageReference;
			repositoryURL = "https://github.com/afrigon/XKit";
			requirement = {
				branch = main;
				kind = branch;
			};
		};
		AD0269102CC0D84700B25286 /* XCRemoteSwiftPackageReference "vapor" */ = {
			isa = XCRemoteSwiftPackageReference;
			repositoryURL = "https://github.com/vapor/vapor.git";
			requirement = {
				kind = upToNextMajorVersion;
				minimumVersion = 4.106.0;
			};
		};
/* End XCRemoteSwiftPackageReference section */

/* Begin XCSwiftPackageProductDependency section */
		AD01196C2CB5957D00875153 /* stylx */ = {
			isa = XCSwiftPackageProductDependency;
			package = AD01196B2CB5957D00875153 /* XCRemoteSwiftPackageReference "stylx" */;
			productName = stylx;
		};
		AD01196F2CB5959100875153 /* XKit */ = {
			isa = XCSwiftPackageProductDependency;
			package = AD01196E2CB5959100875153 /* XCRemoteSwiftPackageReference "XKit" */;
			productName = XKit;
		};
		AD0269112CC0D84700B25286 /* Vapor */ = {
			isa = XCSwiftPackageProductDependency;
			package = AD0269102CC0D84700B25286 /* XCRemoteSwiftPackageReference "vapor" */;
			productName = Vapor;
		};
		AD3077592CCD90EF00766514 /* XemuNES */ = {
			isa = XCSwiftPackageProductDependency;
			productName = XemuNES;
		};
		ADEF422E2CBDE32A008A1C26 /* XemuCore */ = {
			isa = XCSwiftPackageProductDependency;
			productName = XemuCore;
		};
/* End XCSwiftPackageProductDependency section */
	};
	rootObject = ADDFBCD52CB4BC79007FAAD3 /* Project object */;
}
