{
  "originHash" : "9468f9910dbc7cbc91859218e6754eed409d308350213cf15cb4204d935481b8",
  "pins" : [
    {
      "identity" : "prism",
      "kind" : "remoteSourceControl",
      "location" : "https://github.com/afrigon/Prism",
      "state" : {
        "branch" : "main",
        "revision" : "a28665bf8a40453c88aa6f6af138e80a3db14a83"
      }
    },
    {
      "identity" : "xkit",
      "kind" : "remoteSourceControl",
      "location" : "https://github.com/afrigon/XKit",
      "state" : {
        "branch" : "main",
        "revision" : "dc38bd18bd8d761d115541ba389b90ae40f2cdb6"
      }
    }
  ],
  "version" : 3
}
