{
  "originHash" : "3fbce13932e14f18d70acd8983e748f4060a482275cc5e48d8a8fde389938119",
  "pins" : [
    {
      "identity" : "prism",
      "kind" : "remoteSourceControl",
      "location" : "https://github.com/afrigon/Prism",
      "state" : {
        "branch" : "main",
        "revision" : "a28665bf8a40453c88aa6f6af138e80a3db14a83"
      }
    },
    {
      "identity" : "stylx",
      "kind" : "remoteSourceControl",
      "location" : "https://github.com/afrigon/stylx",
      "state" : {
        "branch" : "main",
        "revision" : "9877f0f7c7561f818913841c0a0fdd8ddf839c7b"
      }
    }
  ],
  "version" : 3
}
